
Microsoft Visual Studio Solution File, Format Version 12.00
# Visual Studio Version 16
VisualStudioVersion = 16.0.29905.134
MinimumVisualStudioVersion = 10.0.40219.1
Project("{FAE04EC0-301F-11D3-BF4B-00C04F79EFBC}") = "DemoApp", "DemoApp\DemoApp.csproj", "{CE21B27C-E9FA-4E3A-B0DB-B81D0070FB7D}"
EndProject
Project("{FAE04EC0-301F-11D3-BF4B-00C04F79EFBC}") = "SampleAssembly", "SampleAssembly\SampleAssembly.csproj", "{3F95F315-8E47-4F64-97BE-109F9D467045}"
EndProject
Global
	GlobalSection(SolutionConfigurationPlatforms) = preSolution
		Debug|Any CPU = Debug|Any CPU
		Release|Any CPU = Release|Any CPU
	EndGlobalSection
	GlobalSection(ProjectConfigurationPlatforms) = postSolution
		{CE21B27C-E9FA-4E3A-B0DB-B81D0070FB7D}.Debug|Any CPU.ActiveCfg = Debug|Any CPU
		{CE21B27C-E9FA-4E3A-B0DB-B81D0070FB7D}.Debug|Any CPU.Build.0 = Debug|Any CPU
		{CE21B27C-E9FA-4E3A-B0DB-B81D0070FB7D}.Release|Any CPU.ActiveCfg = Release|Any CPU
		{CE21B27C-E9FA-4E3A-B0DB-B81D0070FB7D}.Release|Any CPU.Build.0 = Release|Any CPU
		{3F95F315-8E47-4F64-97BE-109F9D467045}.Debug|Any CPU.ActiveCfg = Debug|Any CPU
		{3F95F315-8E47-4F64-97BE-109F9D467045}.Debug|Any CPU.Build.0 = Debug|Any CPU
		{3F95F315-8E47-4F64-97BE-109F9D467045}.Release|Any CPU.ActiveCfg = Release|Any CPU
		{3F95F315-8E47-4F64-97BE-109F9D467045}.Release|Any CPU.Build.0 = Release|Any CPU
	EndGlobalSection
	GlobalSection(SolutionProperties) = preSolution
		HideSolutionNode = FALSE
	EndGlobalSection
	GlobalSection(ExtensibilityGlobals) = postSolution
		SolutionGuid = {177106F7-CCA8-4CDB-820F-F56673424358}
	EndGlobalSection
EndGlobal
